
Microsoft Visual Studio Solution File, Format Version 12.00
# Visual Studio Version 17
VisualStudioVersion = 17.14.36121.58 d17.14
MinimumVisualStudioVersion = 10.0.40219.1
Project("{FAE04EC0-301F-11D3-BF4B-00C04F79EFBC}") = "vsbs", "vsbs\vsbs.csproj", "{462B6BE7-08D8-4F9D-BD4F-47A340D385F9}"
EndProject
Project("{FAE04EC0-301F-11D3-BF4B-00C04F79EFBC}") = "domain", "domain\domain.csproj", "{5AB31D95-9280-4498-97DC-210CA4C18FAE}"
EndProject
Global
	GlobalSection(SolutionConfigurationPlatforms) = preSolution
		Debug|Any CPU = Debug|Any CPU
		Release|Any CPU = Release|Any CPU
	EndGlobalSection
	GlobalSection(ProjectConfigurationPlatforms) = postSolution
		{462B6BE7-08D8-4F9D-BD4F-47A340D385F9}.Debug|Any CPU.ActiveCfg = Debug|Any CPU
		{462B6BE7-08D8-4F9D-BD4F-47A340D385F9}.Debug|Any CPU.Build.0 = Debug|Any CPU
		{462B6BE7-08D8-4F9D-BD4F-47A340D385F9}.Release|Any CPU.ActiveCfg = Release|Any CPU
		{462B6BE7-08D8-4F9D-BD4F-47A340D385F9}.Release|Any CPU.Build.0 = Release|Any CPU
		{5AB31D95-9280-4498-97DC-210CA4C18FAE}.Debug|Any CPU.ActiveCfg = Debug|Any CPU
		{5AB31D95-9280-4498-97DC-210CA4C18FAE}.Debug|Any CPU.Build.0 = Debug|Any CPU
		{5AB31D95-9280-4498-97DC-210CA4C18FAE}.Release|Any CPU.ActiveCfg = Release|Any CPU
		{5AB31D95-9280-4498-97DC-210CA4C18FAE}.Release|Any CPU.Build.0 = Release|Any CPU
	EndGlobalSection
	GlobalSection(SolutionProperties) = preSolution
		HideSolutionNode = FALSE
	EndGlobalSection
	GlobalSection(ExtensibilityGlobals) = postSolution
		SolutionGuid = {C0B53413-552E-4EA7-A7A8-7E6439705DBD}
	EndGlobalSection
EndGlobal
